
Microsoft Visual Studio Solution File, Format Version 12.00
# Visual Studio Version 17
VisualStudioVersion = 17.8.34309.116
MinimumVisualStudioVersion = 10.0.40219.1
Project("{9A19103F-16F7-4668-BE54-9A1E7A4F7556}") = "SK-Master80", "SK-Master80\SK-Master80.csproj", "{120DB731-0021-47A9-8E78-CB4E1B80403A}"
EndProject
Project("{9A19103F-16F7-4668-BE54-9A1E7A4F7556}") = "Common", "Common\Common.csproj", "{B698794C-E9B1-4396-91CB-C5C80A323B4D}"
EndProject
Project("{9A19103F-16F7-4668-BE54-9A1E7A4F7556}") = "SK-Master2", "SK-Master2\SK-Master2.csproj", "{5F8ABF10-E2FB-4AEF-8DC4-31977040BB97}"
EndProject
Project("{FAE04EC0-301F-11D3-BF4B-00C04F79EFBC}") = "SK-Master3", "SK-Master3\SK-Master3.csproj", "{5173E7C3-6239-4E5F-A5FA-2F7FF0EECCC4}"
EndProject
Global
	GlobalSection(SolutionConfigurationPlatforms) = preSolution
		Debug|Any CPU = Debug|Any CPU
		Release|Any CPU = Release|Any CPU
	EndGlobalSection
	GlobalSection(ProjectConfigurationPlatforms) = postSolution
		{120DB731-0021-47A9-8E78-CB4E1B80403A}.Debug|Any CPU.ActiveCfg = Debug|Any CPU
		{120DB731-0021-47A9-8E78-CB4E1B80403A}.Debug|Any CPU.Build.0 = Debug|Any CPU
		{120DB731-0021-47A9-8E78-CB4E1B80403A}.Release|Any CPU.ActiveCfg = Release|Any CPU
		{120DB731-0021-47A9-8E78-CB4E1B80403A}.Release|Any CPU.Build.0 = Release|Any CPU
		{B698794C-E9B1-4396-91CB-C5C80A323B4D}.Debug|Any CPU.ActiveCfg = Debug|Any CPU
		{B698794C-E9B1-4396-91CB-C5C80A323B4D}.Debug|Any CPU.Build.0 = Debug|Any CPU
		{B698794C-E9B1-4396-91CB-C5C80A323B4D}.Release|Any CPU.ActiveCfg = Release|Any CPU
		{B698794C-E9B1-4396-91CB-C5C80A323B4D}.Release|Any CPU.Build.0 = Release|Any CPU
		{5F8ABF10-E2FB-4AEF-8DC4-31977040BB97}.Debug|Any CPU.ActiveCfg = Debug|Any CPU
		{5F8ABF10-E2FB-4AEF-8DC4-31977040BB97}.Debug|Any CPU.Build.0 = Debug|Any CPU
		{5F8ABF10-E2FB-4AEF-8DC4-31977040BB97}.Release|Any CPU.ActiveCfg = Release|Any CPU
		{5F8ABF10-E2FB-4AEF-8DC4-31977040BB97}.Release|Any CPU.Build.0 = Release|Any CPU
		{5173E7C3-6239-4E5F-A5FA-2F7FF0EECCC4}.Debug|Any CPU.ActiveCfg = Debug|Any CPU
		{5173E7C3-6239-4E5F-A5FA-2F7FF0EECCC4}.Debug|Any CPU.Build.0 = Debug|Any CPU
		{5173E7C3-6239-4E5F-A5FA-2F7FF0EECCC4}.Release|Any CPU.ActiveCfg = Release|Any CPU
		{5173E7C3-6239-4E5F-A5FA-2F7FF0EECCC4}.Release|Any CPU.Build.0 = Release|Any CPU
	EndGlobalSection
	GlobalSection(SolutionProperties) = preSolution
		HideSolutionNode = FALSE
	EndGlobalSection
	GlobalSection(ExtensibilityGlobals) = postSolution
		SolutionGuid = {A39D4F3F-6988-4CFE-A7BA-FE76A11DD3A8}
	EndGlobalSection
EndGlobal
